
Microsoft Visual Studio Solution File, Format Version 12.00
# Visual Studio Version 17
VisualStudioVersion = 17.0.32112.339
MinimumVisualStudioVersion = 10.0.40219.1
Project("{FAE04EC0-301F-11D3-BF4B-00C04F79EFBC}") = "Snake_and_Ladder", "Snake_and_Ladder\Snake_and_Ladder.csproj", "{F35B20EC-7149-4647-8FB2-F00EC370C666}"
EndProject
Global
	GlobalSection(SolutionConfigurationPlatforms) = preSolution
		Debug|Any CPU = Debug|Any CPU
		Release|Any CPU = Release|Any CPU
	EndGlobalSection
	GlobalSection(ProjectConfigurationPlatforms) = postSolution
		{F35B20EC-7149-4647-8FB2-F00EC370C666}.Debug|Any CPU.ActiveCfg = Debug|Any CPU
		{F35B20EC-7149-4647-8FB2-F00EC370C666}.Debug|Any CPU.Build.0 = Debug|Any CPU
		{F35B20EC-7149-4647-8FB2-F00EC370C666}.Release|Any CPU.ActiveCfg = Release|Any CPU
		{F35B20EC-7149-4647-8FB2-F00EC370C666}.Release|Any CPU.Build.0 = Release|Any CPU
	EndGlobalSection
	GlobalSection(SolutionProperties) = preSolution
		HideSolutionNode = FALSE
	EndGlobalSection
	GlobalSection(ExtensibilityGlobals) = postSolution
		SolutionGuid = {5D450681-DE3F-456F-9976-65862659E35F}
	EndGlobalSection
EndGlobal
